// !$*UTF8*$!
{
	archiveVersion = 1;
	classes = {
	};
	objectVersion = 42;
	objects = {

/* Begin PBXBuildFile section */
		446801880ABF9A8900FE4069 /* Sparkle.framework in Frameworks */ = {isa = PBXBuildFile; fileRef = 446801740ABF9A8900FE4069 /* Sparkle.framework */; };
		446801900ABF9AD100FE4069 /* Sparkle.framework in CopyFiles */ = {isa = PBXBuildFile; fileRef = 446801740ABF9A8900FE4069 /* Sparkle.framework */; };
		44C296030AC9768F000FD8FB /* iso.m in Sources */ = {isa = PBXBuildFile; fileRef = 44C296020AC9768F000FD8FB /* iso.m */; };
		44D2ACE00AA73B2A00EA19A1 /* AppController.m in Sources */ = {isa = PBXBuildFile; fileRef = 44D2ACDF0AA73B2A00EA19A1 /* AppController.m */; };
		44D2AE690AA761C000EA19A1 /* rdp.m in Sources */ = {isa = PBXBuildFile; fileRef = 44D2AE4B0AA761C000EA19A1 /* rdp.m */; };
		44D2AE6A0AA761C000EA19A1 /* rdp5.c in Sources */ = {isa = PBXBuildFile; fileRef = 44D2AE4C0AA761C000EA19A1 /* rdp5.c */; };
		44D2AE6B0AA761C000EA19A1 /* rdpdr.c in Sources */ = {isa = PBXBuildFile; fileRef = 44D2AE4D0AA761C000EA19A1 /* rdpdr.c */; };
		44D2AE6E0AA761C000EA19A1 /* secure.c in Sources */ = {isa = PBXBuildFile; fileRef = 44D2AE510AA761C000EA19A1 /* secure.c */; };
		44D2AE6F0AA761C000EA19A1 /* serial.c in Sources */ = {isa = PBXBuildFile; fileRef = 44D2AE520AA761C000EA19A1 /* serial.c */; };
		44D2AE700AA761C000EA19A1 /* tcp.m in Sources */ = {isa = PBXBuildFile; fileRef = 44D2AE530AA761C000EA19A1 /* tcp.m */; };
		44D2AE710AA761C000EA19A1 /* disk.c in Sources */ = {isa = PBXBuildFile; fileRef = 44D2AE570AA761C000EA19A1 /* disk.c */; };
		44D2AE730AA761C000EA19A1 /* licence.c in Sources */ = {isa = PBXBuildFile; fileRef = 44D2AE5A0AA761C000EA19A1 /* licence.c */; };
		44D2AE740AA761C000EA19A1 /* mcs.c in Sources */ = {isa = PBXBuildFile; fileRef = 44D2AE5B0AA761C000EA19A1 /* mcs.c */; };
		44D2AE750AA761C000EA19A1 /* mppc.c in Sources */ = {isa = PBXBuildFile; fileRef = 44D2AE5C0AA761C000EA19A1 /* mppc.c */; };
		44D2AE760AA761C000EA19A1 /* orders.c in Sources */ = {isa = PBXBuildFile; fileRef = 44D2AE5D0AA761C000EA19A1 /* orders.c */; };
		44D2AE770AA761C000EA19A1 /* parallel.c in Sources */ = {isa = PBXBuildFile; fileRef = 44D2AE5F0AA761C000EA19A1 /* parallel.c */; };
		44D2AE780AA761C000EA19A1 /* printer.c in Sources */ = {isa = PBXBuildFile; fileRef = 44D2AE610AA761C000EA19A1 /* printer.c */; };
		44D2AE790AA761C000EA19A1 /* printercache.c in Sources */ = {isa = PBXBuildFile; fileRef = 44D2AE620AA761C000EA19A1 /* printercache.c */; };
		44D2AE7A0AA761C000EA19A1 /* pstcache.c in Sources */ = {isa = PBXBuildFile; fileRef = 44D2AE640AA761C000EA19A1 /* pstcache.c */; };
		44D2AE7B0AA761C000EA19A1 /* bitmap.c in Sources */ = {isa = PBXBuildFile; fileRef = 44D2AE650AA761C000EA19A1 /* bitmap.c */; };
		44D2AE7C0AA761C000EA19A1 /* cache.c in Sources */ = {isa = PBXBuildFile; fileRef = 44D2AE660AA761C000EA19A1 /* cache.c */; };
		44D2AE7D0AA761C000EA19A1 /* channels.c in Sources */ = {isa = PBXBuildFile; fileRef = 44D2AE670AA761C000EA19A1 /* channels.c */; };
		44D2AE7E0AA761C000EA19A1 /* cliprdr.c in Sources */ = {isa = PBXBuildFile; fileRef = 44D2AE680AA761C000EA19A1 /* cliprdr.c */; };
		44D2AE8C0AA761E700EA19A1 /* stubs.m in Sources */ = {isa = PBXBuildFile; fileRef = 44D2AE8B0AA761E700EA19A1 /* stubs.m */; };
		44D2AE950AA7621C00EA19A1 /* RDCKeyboard.m in Sources */ = {isa = PBXBuildFile; fileRef = 44D2AE8E0AA7621C00EA19A1 /* RDCKeyboard.m */; };
		44D2AE970AA7621C00EA19A1 /* RDCView.m in Sources */ = {isa = PBXBuildFile; fileRef = 44D2AE920AA7621C00EA19A1 /* RDCView.m */; };
		44D2AE980AA7621C00EA19A1 /* RDCBitmap.m in Sources */ = {isa = PBXBuildFile; fileRef = 44D2AE940AA7621C00EA19A1 /* RDCBitmap.m */; };
		44D2AE9F0AA7624300EA19A1 /* rdesktop.icns in Resources */ = {isa = PBXBuildFile; fileRef = 44D2AE9C0AA7624300EA19A1 /* rdesktop.icns */; };
		44D2AEA10AA7624300EA19A1 /* keymap.txt in Resources */ = {isa = PBXBuildFile; fileRef = 44D2AE9E0AA7624300EA19A1 /* keymap.txt */; };
		44E804DA0AAF265C005EFCAE /* Disconnect.png in Resources */ = {isa = PBXBuildFile; fileRef = 44E804D80AAF265C005EFCAE /* Disconnect.png */; };
		44F9B2100AA3D83F005F0B98 /* RDInstance.m in Sources */ = {isa = PBXBuildFile; fileRef = 44F9B20F0AA3D83F005F0B98 /* RDInstance.m */; };
		8D11072A0486CEB800E47090 /* MainMenu.nib in Resources */ = {isa = PBXBuildFile; fileRef = 29B97318FDCFA39411CA2CEA /* MainMenu.nib */; };
		8D11072B0486CEB800E47090 /* InfoPlist.strings in Resources */ = {isa = PBXBuildFile; fileRef = 089C165CFE840E0CC02AAC07 /* InfoPlist.strings */; };
		8D11072D0486CEB800E47090 /* main.m in Sources */ = {isa = PBXBuildFile; fileRef = 29B97316FDCFA39411CA2CEA /* main.m */; settings = {ATTRIBUTES = (); }; };
		8D11072F0486CEB800E47090 /* Cocoa.framework in Frameworks */ = {isa = PBXBuildFile; fileRef = 1058C7A1FEA54F0111CA2CBB /* Cocoa.framework */; };
		980F31540B49F7A200E01CCA /* minus.png in Resources */ = {isa = PBXBuildFile; fileRef = 980F31520B49F7A100E01CCA /* minus.png */; };
		980F31550B49F7A200E01CCA /* plus.png in Resources */ = {isa = PBXBuildFile; fileRef = 980F31530B49F7A100E01CCA /* plus.png */; };
		980F31870B4A0E1500E01CCA /* RDPFile.m in Sources */ = {isa = PBXBuildFile; fileRef = 980F31850B4A0E1400E01CCA /* RDPFile.m */; };
		980F31880B4A0E1500E01CCA /* RDPFile.h in CopyFiles */ = {isa = PBXBuildFile; fileRef = 980F31860B4A0E1400E01CCA /* RDPFile.h */; };
		980F31B10B4A11DB00E01CCA /* ConnectionsController.h in CopyFiles */ = {isa = PBXBuildFile; fileRef = 980F31AF0B4A11DB00E01CCA /* ConnectionsController.h */; };
		983CCD160B5AE79900B7892B /* ConnectionsController.m in Sources */ = {isa = PBXBuildFile; fileRef = 983CCD150B5AE79900B7892B /* ConnectionsController.m */; };
		987D6E2C0B51DEF3005B8E92 /* Security.framework in Frameworks */ = {isa = PBXBuildFile; fileRef = 987D6E2B0B51DEF3005B8E92 /* Security.framework */; };
		987D6FCA0B51E520005B8E92 /* keychain.h in CopyFiles */ = {isa = PBXBuildFile; fileRef = 987D6FC80B51E520005B8E92 /* keychain.h */; };
		987D6FCB0B51E520005B8E92 /* keychain.c in Sources */ = {isa = PBXBuildFile; fileRef = 987D6FC90B51E520005B8E92 /* keychain.c */; };
		988C066A0B61A7ED00AE36A8 /* Computers.png in Resources */ = {isa = PBXBuildFile; fileRef = 988C06690B61A7ED00AE36A8 /* Computers.png */; };
		988C06760B61B06F00AE36A8 /* Connect.png in Resources */ = {isa = PBXBuildFile; fileRef = 988C06750B61B06F00AE36A8 /* Connect.png */; };
		98C3B25B0B5C50EE00E7F339 /* ActiveConnection.h in CopyFiles */ = {isa = PBXBuildFile; fileRef = 98C3B2590B5C50EE00E7F339 /* ActiveConnection.h */; };
		98C3B25C0B5C50EE00E7F339 /* ActiveConnection.m in Sources */ = {isa = PBXBuildFile; fileRef = 98C3B25A0B5C50EE00E7F339 /* ActiveConnection.m */; };
		98C3B2600B5C515700E7F339 /* Definitions.h in CopyFiles */ = {isa = PBXBuildFile; fileRef = 98C3B25F0B5C515700E7F339 /* Definitions.h */; };
		98C6DCCF0B570776005A6638 /* rdp document.icns in Resources */ = {isa = PBXBuildFile; fileRef = 98C6DCCE0B570776005A6638 /* rdp document.icns */; };
		98E488A80B4B439C005D79B3 /* Default.rdp in Resources */ = {isa = PBXBuildFile; fileRef = 98E488A70B4B439C005D79B3 /* Default.rdp */; };
/* End PBXBuildFile section */

/* Begin PBXCopyFilesBuildPhase section */
		446801890ABF9AAB00FE4069 /* CopyFiles */ = {
			isa = PBXCopyFilesBuildPhase;
			buildActionMask = 2147483647;
			dstPath = "";
			dstSubfolderSpec = 10;
			files = (
				446801900ABF9AD100FE4069 /* Sparkle.framework in CopyFiles */,
				980F31880B4A0E1500E01CCA /* RDPFile.h in CopyFiles */,
				980F31B10B4A11DB00E01CCA /* ConnectionsController.h in CopyFiles */,
				987D6FCA0B51E520005B8E92 /* keychain.h in CopyFiles */,
				98C3B25B0B5C50EE00E7F339 /* ActiveConnection.h in CopyFiles */,
				98C3B2600B5C515700E7F339 /* Definitions.h in CopyFiles */,
			);
			runOnlyForDeploymentPostprocessing = 0;
		};
/* End PBXCopyFilesBuildPhase section */

/* Begin PBXFileReference section */
		089C165DFE840E0CC02AAC07 /* English */ = {isa = PBXFileReference; fileEncoding = 10; lastKnownFileType = text.plist.strings; name = English; path = English.lproj/InfoPlist.strings; sourceTree = "<group>"; };
		1058C7A1FEA54F0111CA2CBB /* Cocoa.framework */ = {isa = PBXFileReference; lastKnownFileType = wrapper.framework; name = Cocoa.framework; path = /System/Library/Frameworks/Cocoa.framework; sourceTree = "<absolute>"; };
		13E42FB307B3F0F600E4EEF1 /* CoreData.framework */ = {isa = PBXFileReference; lastKnownFileType = wrapper.framework; name = CoreData.framework; path = /System/Library/Frameworks/CoreData.framework; sourceTree = "<absolute>"; };
		29B97316FDCFA39411CA2CEA /* main.m */ = {isa = PBXFileReference; fileEncoding = 4; lastKnownFileType = sourcecode.c.objc; path = main.m; sourceTree = "<group>"; };
		29B97319FDCFA39411CA2CEA /* English */ = {isa = PBXFileReference; lastKnownFileType = wrapper.nib; name = English; path = English.lproj/MainMenu.nib; sourceTree = "<group>"; };
		29B97324FDCFA39411CA2CEA /* AppKit.framework */ = {isa = PBXFileReference; lastKnownFileType = wrapper.framework; name = AppKit.framework; path = /System/Library/Frameworks/AppKit.framework; sourceTree = "<absolute>"; };
		29B97325FDCFA39411CA2CEA /* Foundation.framework */ = {isa = PBXFileReference; lastKnownFileType = wrapper.framework; name = Foundation.framework; path = /System/Library/Frameworks/Foundation.framework; sourceTree = "<absolute>"; };
		32CA4F630368D1EE00C91783 /* Cord_Prefix.pch */ = {isa = PBXFileReference; fileEncoding = 4; lastKnownFileType = sourcecode.c.h; path = Cord_Prefix.pch; sourceTree = "<group>"; };
		441DA8340AD41EED00F11858 /* Cord_Prefix.pch */ = {isa = PBXFileReference; fileEncoding = 4; lastKnownFileType = sourcecode.c.h; path = Cord_Prefix.pch; sourceTree = "<group>"; };
		446801740ABF9A8900FE4069 /* Sparkle.framework */ = {isa = PBXFileReference; lastKnownFileType = wrapper.framework; path = Sparkle.framework; sourceTree = "<group>"; };
		44C296020AC9768F000FD8FB /* iso.m */ = {isa = PBXFileReference; fileEncoding = 30; lastKnownFileType = sourcecode.c.objc; path = iso.m; sourceTree = "<group>"; };
		44D2ACDE0AA73B2A00EA19A1 /* AppController.h */ = {isa = PBXFileReference; fileEncoding = 30; lastKnownFileType = sourcecode.c.h; path = AppController.h; sourceTree = "<group>"; };
		44D2ACDF0AA73B2A00EA19A1 /* AppController.m */ = {isa = PBXFileReference; fileEncoding = 30; lastKnownFileType = sourcecode.c.objc; path = AppController.m; sourceTree = "<group>"; };
		44D2AE4A0AA761C000EA19A1 /* rdesktop.h */ = {isa = PBXFileReference; fileEncoding = 30; lastKnownFileType = sourcecode.c.h; path = rdesktop.h; sourceTree = "<group>"; };
		44D2AE4B0AA761C000EA19A1 /* rdp.m */ = {isa = PBXFileReference; fileEncoding = 30; lastKnownFileType = sourcecode.c.objc; path = rdp.m; sourceTree = "<group>"; };
		44D2AE4C0AA761C000EA19A1 /* rdp5.c */ = {isa = PBXFileReference; fileEncoding = 30; lastKnownFileType = sourcecode.c.c; path = rdp5.c; sourceTree = "<group>"; };
		44D2AE4D0AA761C000EA19A1 /* rdpdr.c */ = {isa = PBXFileReference; fileEncoding = 30; lastKnownFileType = sourcecode.c.c; path = rdpdr.c; sourceTree = "<group>"; };
		44D2AE4E0AA761C000EA19A1 /* rdpsnd_oss.c */ = {isa = PBXFileReference; fileEncoding = 30; lastKnownFileType = sourcecode.c.c; path = rdpsnd_oss.c; sourceTree = "<group>"; };
		44D2AE4F0AA761C000EA19A1 /* rdpsnd.c */ = {isa = PBXFileReference; fileEncoding = 30; lastKnownFileType = sourcecode.c.c; path = rdpsnd.c; sourceTree = "<group>"; };
		44D2AE500AA761C000EA19A1 /* scancodes.h */ = {isa = PBXFileReference; fileEncoding = 30; lastKnownFileType = sourcecode.c.h; path = scancodes.h; sourceTree = "<group>"; };
		44D2AE510AA761C000EA19A1 /* secure.c */ = {isa = PBXFileReference; fileEncoding = 30; lastKnownFileType = sourcecode.c.c; path = secure.c; sourceTree = "<group>"; };
		44D2AE520AA761C000EA19A1 /* serial.c */ = {isa = PBXFileReference; fileEncoding = 30; lastKnownFileType = sourcecode.c.c; path = serial.c; sourceTree = "<group>"; };
		44D2AE530AA761C000EA19A1 /* tcp.m */ = {isa = PBXFileReference; fileEncoding = 30; lastKnownFileType = sourcecode.c.objc; path = tcp.m; sourceTree = "<group>"; };
		44D2AE540AA761C000EA19A1 /* types.h */ = {isa = PBXFileReference; fileEncoding = 30; lastKnownFileType = sourcecode.c.h; path = types.h; sourceTree = "<group>"; };
		44D2AE550AA761C000EA19A1 /* xproto.h */ = {isa = PBXFileReference; fileEncoding = 30; lastKnownFileType = sourcecode.c.h; path = xproto.h; sourceTree = "<group>"; };
		44D2AE560AA761C000EA19A1 /* constants.h */ = {isa = PBXFileReference; fileEncoding = 30; lastKnownFileType = sourcecode.c.h; path = constants.h; sourceTree = "<group>"; };
		44D2AE570AA761C000EA19A1 /* disk.c */ = {isa = PBXFileReference; fileEncoding = 30; lastKnownFileType = sourcecode.c.c; path = disk.c; sourceTree = "<group>"; };
		44D2AE580AA761C000EA19A1 /* disk.h */ = {isa = PBXFileReference; fileEncoding = 30; lastKnownFileType = sourcecode.c.h; path = disk.h; sourceTree = "<group>"; };
		44D2AE5A0AA761C000EA19A1 /* licence.c */ = {isa = PBXFileReference; fileEncoding = 30; lastKnownFileType = sourcecode.c.c; path = licence.c; sourceTree = "<group>"; };
		44D2AE5B0AA761C000EA19A1 /* mcs.c */ = {isa = PBXFileReference; fileEncoding = 30; lastKnownFileType = sourcecode.c.c; path = mcs.c; sourceTree = "<group>"; };
		44D2AE5C0AA761C000EA19A1 /* mppc.c */ = {isa = PBXFileReference; fileEncoding = 30; lastKnownFileType = sourcecode.c.c; path = mppc.c; sourceTree = "<group>"; };
		44D2AE5D0AA761C000EA19A1 /* orders.c */ = {isa = PBXFileReference; fileEncoding = 30; lastKnownFileType = sourcecode.c.c; path = orders.c; sourceTree = "<group>"; };
		44D2AE5E0AA761C000EA19A1 /* orders.h */ = {isa = PBXFileReference; fileEncoding = 30; lastKnownFileType = sourcecode.c.h; path = orders.h; sourceTree = "<group>"; };
		44D2AE5F0AA761C000EA19A1 /* parallel.c */ = {isa = PBXFileReference; fileEncoding = 30; lastKnownFileType = sourcecode.c.c; path = parallel.c; sourceTree = "<group>"; };
		44D2AE600AA761C000EA19A1 /* parse.h */ = {isa = PBXFileReference; fileEncoding = 30; lastKnownFileType = sourcecode.c.h; path = parse.h; sourceTree = "<group>"; };
		44D2AE610AA761C000EA19A1 /* printer.c */ = {isa = PBXFileReference; fileEncoding = 30; lastKnownFileType = sourcecode.c.c; path = printer.c; sourceTree = "<group>"; };
		44D2AE620AA761C000EA19A1 /* printercache.c */ = {isa = PBXFileReference; fileEncoding = 30; lastKnownFileType = sourcecode.c.c; path = printercache.c; sourceTree = "<group>"; };
		44D2AE630AA761C000EA19A1 /* proto.h */ = {isa = PBXFileReference; fileEncoding = 30; lastKnownFileType = sourcecode.c.h; path = proto.h; sourceTree = "<group>"; };
		44D2AE640AA761C000EA19A1 /* pstcache.c */ = {isa = PBXFileReference; fileEncoding = 30; lastKnownFileType = sourcecode.c.c; path = pstcache.c; sourceTree = "<group>"; };
		44D2AE650AA761C000EA19A1 /* bitmap.c */ = {isa = PBXFileReference; fileEncoding = 30; lastKnownFileType = sourcecode.c.c; path = bitmap.c; sourceTree = "<group>"; };
		44D2AE660AA761C000EA19A1 /* cache.c */ = {isa = PBXFileReference; fileEncoding = 30; lastKnownFileType = sourcecode.c.c; path = cache.c; sourceTree = "<group>"; };
		44D2AE670AA761C000EA19A1 /* channels.c */ = {isa = PBXFileReference; fileEncoding = 30; lastKnownFileType = sourcecode.c.c; path = channels.c; sourceTree = "<group>"; };
		44D2AE680AA761C000EA19A1 /* cliprdr.c */ = {isa = PBXFileReference; fileEncoding = 30; lastKnownFileType = sourcecode.c.c; path = cliprdr.c; sourceTree = "<group>"; };
		44D2AE8B0AA761E700EA19A1 /* stubs.m */ = {isa = PBXFileReference; fileEncoding = 30; lastKnownFileType = sourcecode.c.objc; path = stubs.m; sourceTree = "<group>"; };
		44D2AE8D0AA7621C00EA19A1 /* RDCKeyboard.h */ = {isa = PBXFileReference; fileEncoding = 30; lastKnownFileType = sourcecode.c.h; path = RDCKeyboard.h; sourceTree = "<group>"; };
		44D2AE8E0AA7621C00EA19A1 /* RDCKeyboard.m */ = {isa = PBXFileReference; fileEncoding = 30; lastKnownFileType = sourcecode.c.objc; path = RDCKeyboard.m; sourceTree = "<group>"; };
		44D2AE910AA7621C00EA19A1 /* RDCView.h */ = {isa = PBXFileReference; fileEncoding = 30; lastKnownFileType = sourcecode.c.h; path = RDCView.h; sourceTree = "<group>"; };
		44D2AE920AA7621C00EA19A1 /* RDCView.m */ = {isa = PBXFileReference; fileEncoding = 30; lastKnownFileType = sourcecode.c.objc; path = RDCView.m; sourceTree = "<group>"; };
		44D2AE930AA7621C00EA19A1 /* RDCBitmap.h */ = {isa = PBXFileReference; fileEncoding = 30; lastKnownFileType = sourcecode.c.h; path = RDCBitmap.h; sourceTree = "<group>"; };
		44D2AE940AA7621C00EA19A1 /* RDCBitmap.m */ = {isa = PBXFileReference; fileEncoding = 30; lastKnownFileType = sourcecode.c.objc; path = RDCBitmap.m; sourceTree = "<group>"; };
		44D2AE9C0AA7624300EA19A1 /* rdesktop.icns */ = {isa = PBXFileReference; lastKnownFileType = image.icns; path = rdesktop.icns; sourceTree = "<group>"; };
		44D2AE9E0AA7624300EA19A1 /* keymap.txt */ = {isa = PBXFileReference; fileEncoding = 30; lastKnownFileType = text; path = keymap.txt; sourceTree = "<group>"; };
		44E804D80AAF265C005EFCAE /* Disconnect.png */ = {isa = PBXFileReference; lastKnownFileType = image.png; path = Disconnect.png; sourceTree = "<group>"; };
		44F9B20E0AA3D83F005F0B98 /* RDInstance.h */ = {isa = PBXFileReference; fileEncoding = 4; lastKnownFileType = sourcecode.c.h; path = RDInstance.h; sourceTree = "<group>"; };
		44F9B20F0AA3D83F005F0B98 /* RDInstance.m */ = {isa = PBXFileReference; fileEncoding = 4; lastKnownFileType = sourcecode.c.objc; path = RDInstance.m; sourceTree = "<group>"; };
		8D1107310486CEB800E47090 /* Info.plist */ = {isa = PBXFileReference; fileEncoding = 4; lastKnownFileType = text.plist; path = Info.plist; sourceTree = "<group>"; };
		8D1107320486CEB800E47090 /* CoRD.app */ = {isa = PBXFileReference; explicitFileType = wrapper.application; includeInIndex = 0; path = CoRD.app; sourceTree = BUILT_PRODUCTS_DIR; };
		980F31520B49F7A100E01CCA /* minus.png */ = {isa = PBXFileReference; lastKnownFileType = image.png; path = minus.png; sourceTree = "<group>"; };
		980F31530B49F7A100E01CCA /* plus.png */ = {isa = PBXFileReference; lastKnownFileType = image.png; path = plus.png; sourceTree = "<group>"; };
		980F31850B4A0E1400E01CCA /* RDPFile.m */ = {isa = PBXFileReference; fileEncoding = 30; lastKnownFileType = sourcecode.c.objc; path = RDPFile.m; sourceTree = "<group>"; };
		980F31860B4A0E1400E01CCA /* RDPFile.h */ = {isa = PBXFileReference; fileEncoding = 30; lastKnownFileType = sourcecode.c.h; path = RDPFile.h; sourceTree = "<group>"; };
		980F31AF0B4A11DB00E01CCA /* ConnectionsController.h */ = {isa = PBXFileReference; fileEncoding = 30; lastKnownFileType = sourcecode.c.h; path = ConnectionsController.h; sourceTree = "<group>"; };
		983CCD150B5AE79900B7892B /* ConnectionsController.m */ = {isa = PBXFileReference; fileEncoding = 30; lastKnownFileType = sourcecode.c.objc; path = ConnectionsController.m; sourceTree = "<group>"; };
		987D6E2B0B51DEF3005B8E92 /* Security.framework */ = {isa = PBXFileReference; lastKnownFileType = wrapper.framework; name = Security.framework; path = /System/Library/Frameworks/Security.framework; sourceTree = "<absolute>"; };
		987D6FC80B51E520005B8E92 /* keychain.h */ = {isa = PBXFileReference; fileEncoding = 4; lastKnownFileType = sourcecode.c.h; path = keychain.h; sourceTree = "<group>"; };
		987D6FC90B51E520005B8E92 /* keychain.c */ = {isa = PBXFileReference; fileEncoding = 4; lastKnownFileType = sourcecode.c.c; path = keychain.c; sourceTree = "<group>"; };
		988C06690B61A7ED00AE36A8 /* Computers.png */ = {isa = PBXFileReference; lastKnownFileType = image.png; path = Computers.png; sourceTree = "<group>"; };
		988C06750B61B06F00AE36A8 /* Connect.png */ = {isa = PBXFileReference; lastKnownFileType = image.png; path = Connect.png; sourceTree = "<group>"; };
		98C3B2590B5C50EE00E7F339 /* ActiveConnection.h */ = {isa = PBXFileReference; fileEncoding = 4; lastKnownFileType = sourcecode.c.h; path = ActiveConnection.h; sourceTree = "<group>"; };
		98C3B25A0B5C50EE00E7F339 /* ActiveConnection.m */ = {isa = PBXFileReference; fileEncoding = 4; lastKnownFileType = sourcecode.c.objc; path = ActiveConnection.m; sourceTree = "<group>"; };
		98C3B25F0B5C515700E7F339 /* Definitions.h */ = {isa = PBXFileReference; fileEncoding = 4; lastKnownFileType = sourcecode.c.h; path = Definitions.h; sourceTree = "<group>"; };
		98C6DCCE0B570776005A6638 /* rdp document.icns */ = {isa = PBXFileReference; lastKnownFileType = image.icns; path = "rdp document.icns"; sourceTree = "<group>"; };
		98E488A70B4B439C005D79B3 /* Default.rdp */ = {isa = PBXFileReference; fileEncoding = 30; lastKnownFileType = text; path = Default.rdp; sourceTree = "<group>"; };
/* End PBXFileReference section */

/* Begin PBXFrameworksBuildPhase section */
		8D11072E0486CEB800E47090 /* Frameworks */ = {
			isa = PBXFrameworksBuildPhase;
			buildActionMask = 2147483647;
			files = (
				8D11072F0486CEB800E47090 /* Cocoa.framework in Frameworks */,
				446801880ABF9A8900FE4069 /* Sparkle.framework in Frameworks */,
				987D6E2C0B51DEF3005B8E92 /* Security.framework in Frameworks */,
			);
			runOnlyForDeploymentPostprocessing = 0;
		};
/* End PBXFrameworksBuildPhase section */

/* Begin PBXGroup section */
		080E96DDFE201D6D7F000001 /* Classes */ = {
			isa = PBXGroup;
			children = (
				44D2AE8D0AA7621C00EA19A1 /* RDCKeyboard.h */,
				44D2AE8E0AA7621C00EA19A1 /* RDCKeyboard.m */,
				44D2AE910AA7621C00EA19A1 /* RDCView.h */,
				44D2AE920AA7621C00EA19A1 /* RDCView.m */,
				44D2AE930AA7621C00EA19A1 /* RDCBitmap.h */,
				44D2AE940AA7621C00EA19A1 /* RDCBitmap.m */,
				44F9B20E0AA3D83F005F0B98 /* RDInstance.h */,
				44F9B20F0AA3D83F005F0B98 /* RDInstance.m */,
				980F31860B4A0E1400E01CCA /* RDPFile.h */,
				980F31850B4A0E1400E01CCA /* RDPFile.m */,
				98C3B2590B5C50EE00E7F339 /* ActiveConnection.h */,
				98C3B25A0B5C50EE00E7F339 /* ActiveConnection.m */,
				44D2ACDE0AA73B2A00EA19A1 /* AppController.h */,
				44D2ACDF0AA73B2A00EA19A1 /* AppController.m */,
				980F31AF0B4A11DB00E01CCA /* ConnectionsController.h */,
				983CCD150B5AE79900B7892B /* ConnectionsController.m */,
			);
			name = Classes;
			sourceTree = "<group>";
		};
		1058C7A0FEA54F0111CA2CBB /* Linked Frameworks */ = {
			isa = PBXGroup;
			children = (
				446801740ABF9A8900FE4069 /* Sparkle.framework */,
				1058C7A1FEA54F0111CA2CBB /* Cocoa.framework */,
			);
			name = "Linked Frameworks";
			sourceTree = "<group>";
		};
		1058C7A2FEA54F0111CA2CBB /* Other Frameworks */ = {
			isa = PBXGroup;
			children = (
				987D6E2B0B51DEF3005B8E92 /* Security.framework */,
				29B97324FDCFA39411CA2CEA /* AppKit.framework */,
				13E42FB307B3F0F600E4EEF1 /* CoreData.framework */,
				29B97325FDCFA39411CA2CEA /* Foundation.framework */,
			);
			name = "Other Frameworks";
			sourceTree = "<group>";
		};
		19C28FACFE9D520D11CA2CBB /* Products */ = {
			isa = PBXGroup;
			children = (
				8D1107320486CEB800E47090 /* CoRD.app */,
			);
			name = Products;
			sourceTree = "<group>";
		};
		29B97314FDCFA39411CA2CEA /* Cord */ = {
			isa = PBXGroup;
			children = (
				44D2AE410AA761C000EA19A1 /* RDesktop */,
				080E96DDFE201D6D7F000001 /* Classes */,
				29B97315FDCFA39411CA2CEA /* Other Sources */,
				29B97317FDCFA39411CA2CEA /* Resources */,
				29B97323FDCFA39411CA2CEA /* Frameworks */,
				19C28FACFE9D520D11CA2CBB /* Products */,
			);
			name = Cord;
			sourceTree = "<group>";
		};
		29B97315FDCFA39411CA2CEA /* Other Sources */ = {
			isa = PBXGroup;
			children = (
				44D2AE8B0AA761E700EA19A1 /* stubs.m */,
				441DA8340AD41EED00F11858 /* Cord_Prefix.pch */,
				32CA4F630368D1EE00C91783 /* Cord_Prefix.pch */,
				29B97316FDCFA39411CA2CEA /* main.m */,
				987D6FC80B51E520005B8E92 /* keychain.h */,
				987D6FC90B51E520005B8E92 /* keychain.c */,
				98C3B25F0B5C515700E7F339 /* Definitions.h */,
			);
			name = "Other Sources";
			sourceTree = "<group>";
		};
		29B97317FDCFA39411CA2CEA /* Resources */ = {
			isa = PBXGroup;
			children = (
				988C06750B61B06F00AE36A8 /* Connect.png */,
				988C06690B61A7ED00AE36A8 /* Computers.png */,
				29B97318FDCFA39411CA2CEA /* MainMenu.nib */,
				98E488A70B4B439C005D79B3 /* Default.rdp */,
				980F31520B49F7A100E01CCA /* minus.png */,
				980F31530B49F7A100E01CCA /* plus.png */,
				44E804D80AAF265C005EFCAE /* Disconnect.png */,
				98C6DCCE0B570776005A6638 /* rdp document.icns */,
				44D2AE9C0AA7624300EA19A1 /* rdesktop.icns */,
				44D2AE9E0AA7624300EA19A1 /* keymap.txt */,
				8D1107310486CEB800E47090 /* Info.plist */,
				089C165CFE840E0CC02AAC07 /* InfoPlist.strings */,
			);
			name = Resources;
			sourceTree = "<group>";
		};
		29B97323FDCFA39411CA2CEA /* Frameworks */ = {
			isa = PBXGroup;
			children = (
				1058C7A0FEA54F0111CA2CBB /* Linked Frameworks */,
				1058C7A2FEA54F0111CA2CBB /* Other Frameworks */,
			);
			name = Frameworks;
			sourceTree = "<group>";
		};
		44D2AE410AA761C000EA19A1 /* RDesktop */ = {
			isa = PBXGroup;
			children = (
				44C296020AC9768F000FD8FB /* iso.m */,
				44D2AE4A0AA761C000EA19A1 /* rdesktop.h */,
				44D2AE4B0AA761C000EA19A1 /* rdp.m */,
				44D2AE4C0AA761C000EA19A1 /* rdp5.c */,
				44D2AE4D0AA761C000EA19A1 /* rdpdr.c */,
				44D2AE4E0AA761C000EA19A1 /* rdpsnd_oss.c */,
				44D2AE4F0AA761C000EA19A1 /* rdpsnd.c */,
				44D2AE500AA761C000EA19A1 /* scancodes.h */,
				44D2AE510AA761C000EA19A1 /* secure.c */,
				44D2AE520AA761C000EA19A1 /* serial.c */,
				44D2AE530AA761C000EA19A1 /* tcp.m */,
				44D2AE540AA761C000EA19A1 /* types.h */,
				44D2AE550AA761C000EA19A1 /* xproto.h */,
				44D2AE560AA761C000EA19A1 /* constants.h */,
				44D2AE570AA761C000EA19A1 /* disk.c */,
				44D2AE580AA761C000EA19A1 /* disk.h */,
				44D2AE5A0AA761C000EA19A1 /* licence.c */,
				44D2AE5B0AA761C000EA19A1 /* mcs.c */,
				44D2AE5C0AA761C000EA19A1 /* mppc.c */,
				44D2AE5D0AA761C000EA19A1 /* orders.c */,
				44D2AE5E0AA761C000EA19A1 /* orders.h */,
				44D2AE5F0AA761C000EA19A1 /* parallel.c */,
				44D2AE600AA761C000EA19A1 /* parse.h */,
				44D2AE610AA761C000EA19A1 /* printer.c */,
				44D2AE620AA761C000EA19A1 /* printercache.c */,
				44D2AE630AA761C000EA19A1 /* proto.h */,
				44D2AE640AA761C000EA19A1 /* pstcache.c */,
				44D2AE650AA761C000EA19A1 /* bitmap.c */,
				44D2AE660AA761C000EA19A1 /* cache.c */,
				44D2AE670AA761C000EA19A1 /* channels.c */,
				44D2AE680AA761C000EA19A1 /* cliprdr.c */,
			);
			name = RDesktop;
			sourceTree = "<group>";
		};
/* End PBXGroup section */

/* Begin PBXNativeTarget section */
		8D1107260486CEB800E47090 /* CoRD */ = {
			isa = PBXNativeTarget;
			buildConfigurationList = C01FCF4A08A954540054247B /* Build configuration list for PBXNativeTarget "CoRD" */;
			buildPhases = (
				8D1107290486CEB800E47090 /* Resources */,
				8D11072C0486CEB800E47090 /* Sources */,
				8D11072E0486CEB800E47090 /* Frameworks */,
				446801890ABF9AAB00FE4069 /* CopyFiles */,
			);
			buildRules = (
			);
			dependencies = (
			);
			name = CoRD;
			productInstallPath = "$(HOME)/Applications";
			productName = Cord;
			productReference = 8D1107320486CEB800E47090 /* CoRD.app */;
			productType = "com.apple.product-type.application";
		};
/* End PBXNativeTarget section */

/* Begin PBXProject section */
		29B97313FDCFA39411CA2CEA /* Project object */ = {
			isa = PBXProject;
			buildConfigurationList = C01FCF4E08A954540054247B /* Build configuration list for PBXProject "Cord" */;
			hasScannedForEncodings = 1;
			mainGroup = 29B97314FDCFA39411CA2CEA /* Cord */;
			projectDirPath = "";
			targets = (
				8D1107260486CEB800E47090 /* CoRD */,
			);
		};
/* End PBXProject section */

/* Begin PBXResourcesBuildPhase section */
		8D1107290486CEB800E47090 /* Resources */ = {
			isa = PBXResourcesBuildPhase;
			buildActionMask = 2147483647;
			files = (
				8D11072A0486CEB800E47090 /* MainMenu.nib in Resources */,
				8D11072B0486CEB800E47090 /* InfoPlist.strings in Resources */,
				44D2AE9F0AA7624300EA19A1 /* rdesktop.icns in Resources */,
				44D2AEA10AA7624300EA19A1 /* keymap.txt in Resources */,
				44E804DA0AAF265C005EFCAE /* Disconnect.png in Resources */,
				980F31540B49F7A200E01CCA /* minus.png in Resources */,
				980F31550B49F7A200E01CCA /* plus.png in Resources */,
				98E488A80B4B439C005D79B3 /* Default.rdp in Resources */,
				98C6DCCF0B570776005A6638 /* rdp document.icns in Resources */,
				988C066A0B61A7ED00AE36A8 /* Computers.png in Resources */,
				988C06760B61B06F00AE36A8 /* Connect.png in Resources */,
			);
			runOnlyForDeploymentPostprocessing = 0;
		};
/* End PBXResourcesBuildPhase section */

/* Begin PBXSourcesBuildPhase section */
		8D11072C0486CEB800E47090 /* Sources */ = {
			isa = PBXSourcesBuildPhase;
			buildActionMask = 2147483647;
			files = (
				8D11072D0486CEB800E47090 /* main.m in Sources */,
				44F9B2100AA3D83F005F0B98 /* RDInstance.m in Sources */,
				44D2ACE00AA73B2A00EA19A1 /* AppController.m in Sources */,
				44D2AE690AA761C000EA19A1 /* rdp.m in Sources */,
				44D2AE6A0AA761C000EA19A1 /* rdp5.c in Sources */,
				44D2AE6B0AA761C000EA19A1 /* rdpdr.c in Sources */,
				44D2AE6E0AA761C000EA19A1 /* secure.c in Sources */,
				44D2AE6F0AA761C000EA19A1 /* serial.c in Sources */,
				44D2AE700AA761C000EA19A1 /* tcp.m in Sources */,
				44D2AE710AA761C000EA19A1 /* disk.c in Sources */,
				44D2AE730AA761C000EA19A1 /* licence.c in Sources */,
				44D2AE740AA761C000EA19A1 /* mcs.c in Sources */,
				44D2AE750AA761C000EA19A1 /* mppc.c in Sources */,
				44D2AE760AA761C000EA19A1 /* orders.c in Sources */,
				44D2AE770AA761C000EA19A1 /* parallel.c in Sources */,
				44D2AE780AA761C000EA19A1 /* printer.c in Sources */,
				44D2AE790AA761C000EA19A1 /* printercache.c in Sources */,
				44D2AE7A0AA761C000EA19A1 /* pstcache.c in Sources */,
				44D2AE7B0AA761C000EA19A1 /* bitmap.c in Sources */,
				44D2AE7C0AA761C000EA19A1 /* cache.c in Sources */,
				44D2AE7D0AA761C000EA19A1 /* channels.c in Sources */,
				44D2AE7E0AA761C000EA19A1 /* cliprdr.c in Sources */,
				44D2AE8C0AA761E700EA19A1 /* stubs.m in Sources */,
				44D2AE950AA7621C00EA19A1 /* RDCKeyboard.m in Sources */,
				44D2AE970AA7621C00EA19A1 /* RDCView.m in Sources */,
				44D2AE980AA7621C00EA19A1 /* RDCBitmap.m in Sources */,
				44C296030AC9768F000FD8FB /* iso.m in Sources */,
				980F31870B4A0E1500E01CCA /* RDPFile.m in Sources */,
				987D6FCB0B51E520005B8E92 /* keychain.c in Sources */,
				983CCD160B5AE79900B7892B /* ConnectionsController.m in Sources */,
				98C3B25C0B5C50EE00E7F339 /* ActiveConnection.m in Sources */,
			);
			runOnlyForDeploymentPostprocessing = 0;
		};
/* End PBXSourcesBuildPhase section */

/* Begin PBXVariantGroup section */
		089C165CFE840E0CC02AAC07 /* InfoPlist.strings */ = {
			isa = PBXVariantGroup;
			children = (
				089C165DFE840E0CC02AAC07 /* English */,
			);
			name = InfoPlist.strings;
			sourceTree = "<group>";
		};
		29B97318FDCFA39411CA2CEA /* MainMenu.nib */ = {
			isa = PBXVariantGroup;
			children = (
				29B97319FDCFA39411CA2CEA /* English */,
			);
			name = MainMenu.nib;
			sourceTree = "<group>";
		};
/* End PBXVariantGroup section */

/* Begin XCBuildConfiguration section */
		C01FCF4B08A954540054247B /* Debug */ = {
			isa = XCBuildConfiguration;
			buildSettings = {
				COPY_PHASE_STRIP = NO;
				FRAMEWORK_SEARCH_PATHS = (
					"$(inherited)",
					"$(FRAMEWORK_SEARCH_PATHS_QUOTED_1)",
				);
				FRAMEWORK_SEARCH_PATHS_QUOTED_1 = "\"$(SRCROOT)\"";
				GCC_DEBUGGING_SYMBOLS = default;
				GCC_DYNAMIC_NO_PIC = NO;
				GCC_ENABLE_FIX_AND_CONTINUE = YES;
				GCC_ENABLE_OBJC_EXCEPTIONS = YES;
				GCC_MODEL_TUNING = G5;
				GCC_OPTIMIZATION_LEVEL = 0;
				GCC_WARN_ABOUT_MISSING_PROTOTYPES = YES;
				GCC_WARN_CHECK_SWITCH_STATEMENTS = YES;
				GCC_WARN_MISSING_PARENTHESES = YES;
				GCC_WARN_TYPECHECK_CALLS_TO_PRINTF = YES;
				GCC_WARN_UNUSED_FUNCTION = YES;
				GCC_WARN_UNUSED_VALUE = YES;
				GCC_WARN_UNUSED_VARIABLE = NO;
				INFOPLIST_FILE = Info.plist;
				INSTALL_PATH = "$(HOME)/Applications";
				OTHER_LDFLAGS = "-lcrypto";
				PRODUCT_NAME = Cord;
				WRAPPER_EXTENSION = app;
				ZERO_LINK = NO;
			};
			name = Debug;
		};
		C01FCF4C08A954540054247B /* Release */ = {
			isa = XCBuildConfiguration;
			buildSettings = {
				ARCHS = (
					ppc,
					i386,
				);
				FRAMEWORK_SEARCH_PATHS = (
					"$(inherited)",
					"$(FRAMEWORK_SEARCH_PATHS_QUOTED_1)",
				);
				FRAMEWORK_SEARCH_PATHS_QUOTED_1 = "\"$(SRCROOT)\"";
				GCC_AUTO_VECTORIZATION = NO;
				GCC_DYNAMIC_NO_PIC = YES;
				GCC_ENABLE_FIX_AND_CONTINUE = NO;
				GCC_ENABLE_OBJC_EXCEPTIONS = YES;
				GCC_ENABLE_SSE3_EXTENSIONS = YES;
				GCC_GENERATE_DEBUGGING_SYMBOLS = NO;
				GCC_MODEL_TUNING = G5;
				GCC_OPTIMIZATION_LEVEL = s;
				GCC_WARN_ABOUT_MISSING_PROTOTYPES = YES;
				GCC_WARN_CHECK_SWITCH_STATEMENTS = YES;
				GCC_WARN_MISSING_PARENTHESES = YES;
				GCC_WARN_UNUSED_FUNCTION = YES;
				GCC_WARN_UNUSED_VALUE = YES;
				GCC_WARN_UNUSED_VARIABLE = NO;
				INFOPLIST_FILE = Info.plist;
				INSTALL_PATH = "$(HOME)/Applications";
				OTHER_LDFLAGS = "-lcrypto";
				PRODUCT_NAME = CoRD;
				WRAPPER_EXTENSION = app;
				ZERO_LINK = NO;
			};
			name = Release;
		};
		C01FCF4F08A954540054247B /* Debug */ = {
			isa = XCBuildConfiguration;
			buildSettings = {
				GCC_WARN_ABOUT_RETURN_TYPE = YES;
				GCC_WARN_UNUSED_VARIABLE = YES;
				PREBINDING = NO;
				SDKROOT = /Developer/SDKs/MacOSX10.4u.sdk;
			};
			name = Debug;
		};
		C01FCF5008A954540054247B /* Release */ = {
			isa = XCBuildConfiguration;
			buildSettings = {
				GCC_WARN_ABOUT_RETURN_TYPE = YES;
				GCC_WARN_UNUSED_VARIABLE = YES;
				PREBINDING = NO;
				SDKROOT = /Developer/SDKs/MacOSX10.4u.sdk;
			};
			name = Release;
		};
/* End XCBuildConfiguration section */

/* Begin XCConfigurationList section */
		C01FCF4A08A954540054247B /* Build configuration list for PBXNativeTarget "CoRD" */ = {
			isa = XCConfigurationList;
			buildConfigurations = (
				C01FCF4B08A954540054247B /* Debug */,
				C01FCF4C08A954540054247B /* Release */,
			);
			defaultConfigurationIsVisible = 0;
			defaultConfigurationName = Release;
		};
		C01FCF4E08A954540054247B /* Build configuration list for PBXProject "Cord" */ = {
			isa = XCConfigurationList;
			buildConfigurations = (
				C01FCF4F08A954540054247B /* Debug */,
				C01FCF5008A954540054247B /* Release */,
			);
			defaultConfigurationIsVisible = 0;
			defaultConfigurationName = Release;
		};
/* End XCConfigurationList section */
	};
	rootObject = 29B97313FDCFA39411CA2CEA /* Project object */;
}
