// !$*UTF8*$!
{
	archiveVersion = 1;
	classes = {
	};
	objectVersion = 42;
	objects = {

/* Begin PBXBuildFile section */
		8D11072F0486CEB800E47090 /* Cocoa.framework in Frameworks */ = {isa = PBXBuildFile; fileRef = 1058C7A1FEA54F0111CA2CBB /* Cocoa.framework */; };
		981739850BACE45D00EAB48A /* Carbon.framework in Frameworks */ = {isa = PBXBuildFile; fileRef = 981739840BACE45D00EAB48A /* Carbon.framework */; };
		987D6E2C0B51DEF3005B8E92 /* Security.framework in Frameworks */ = {isa = PBXBuildFile; fileRef = 987D6E2B0B51DEF3005B8E92 /* Security.framework */; };
		98E972600BD9D9DF0041110D /* AppController.m in Sources */ = {isa = PBXBuildFile; fileRef = 98E972250BD9D9DF0041110D /* AppController.m */; };
		98E972610BD9D9DF0041110D /* bitmap.c in Sources */ = {isa = PBXBuildFile; fileRef = 98E972260BD9D9DF0041110D /* bitmap.c */; };
		98E972620BD9D9DF0041110D /* cache.c in Sources */ = {isa = PBXBuildFile; fileRef = 98E972270BD9D9DF0041110D /* cache.c */; };
		98E972630BD9D9DF0041110D /* channels.c in Sources */ = {isa = PBXBuildFile; fileRef = 98E972280BD9D9DF0041110D /* channels.c */; };
		98E972640BD9D9DF0041110D /* cliprdr.c in Sources */ = {isa = PBXBuildFile; fileRef = 98E972290BD9D9DF0041110D /* cliprdr.c */; };
		98E972660BD9D9DF0041110D /* Cord_Prefix.pch in CopyFiles */ = {isa = PBXBuildFile; fileRef = 98E9722B0BD9D9DF0041110D /* Cord_Prefix.pch */; };
		98E972680BD9D9DF0041110D /* CRDApplication.m in Sources */ = {isa = PBXBuildFile; fileRef = 98E9722D0BD9D9DF0041110D /* CRDApplication.m */; };
		98E9726A0BD9D9DF0041110D /* CRDFullScreenWindow.m in Sources */ = {isa = PBXBuildFile; fileRef = 98E9722F0BD9D9DF0041110D /* CRDFullScreenWindow.m */; };
		98E9726C0BD9D9DF0041110D /* CRDLabelCell.m in Sources */ = {isa = PBXBuildFile; fileRef = 98E972310BD9D9DF0041110D /* CRDLabelCell.m */; };
		98E9726E0BD9D9DF0041110D /* CRDServerCell.m in Sources */ = {isa = PBXBuildFile; fileRef = 98E972330BD9D9DF0041110D /* CRDServerCell.m */; };
		98E972700BD9D9DF0041110D /* CRDServerList.m in Sources */ = {isa = PBXBuildFile; fileRef = 98E972350BD9D9DF0041110D /* CRDServerList.m */; };
		98E972720BD9D9DF0041110D /* CRDServersColumn.m in Sources */ = {isa = PBXBuildFile; fileRef = 98E972370BD9D9DF0041110D /* CRDServersColumn.m */; };
		98E972740BD9D9DF0041110D /* disk.m in Sources */ = {isa = PBXBuildFile; fileRef = 98E972390BD9D9DF0041110D /* disk.m */; };
		98E972750BD9D9DF0041110D /* iso.m in Sources */ = {isa = PBXBuildFile; fileRef = 98E9723A0BD9D9DF0041110D /* iso.m */; };
		98E972760BD9D9DF0041110D /* keychain.c in Sources */ = {isa = PBXBuildFile; fileRef = 98E9723B0BD9D9DF0041110D /* keychain.c */; settings = {COMPILER_FLAGS = "-D__NO_RDESKTOP__=1"; }; };
		98E972780BD9D9DF0041110D /* licence.c in Sources */ = {isa = PBXBuildFile; fileRef = 98E9723D0BD9D9DF0041110D /* licence.c */; };
		98E972790BD9D9DF0041110D /* main.m in Sources */ = {isa = PBXBuildFile; fileRef = 98E9723E0BD9D9DF0041110D /* main.m */; };
		98E9727A0BD9D9DF0041110D /* mcs.c in Sources */ = {isa = PBXBuildFile; fileRef = 98E9723F0BD9D9DF0041110D /* mcs.c */; };
		98E9727C0BD9D9DF0041110D /* miscellany.m in Sources */ = {isa = PBXBuildFile; fileRef = 98E972410BD9D9DF0041110D /* miscellany.m */; };
		98E9727D0BD9D9DF0041110D /* mppc.c in Sources */ = {isa = PBXBuildFile; fileRef = 98E972420BD9D9DF0041110D /* mppc.c */; };
		98E9727E0BD9D9DF0041110D /* orders.c in Sources */ = {isa = PBXBuildFile; fileRef = 98E972430BD9D9DF0041110D /* orders.c */; };
		98E972800BD9D9DF0041110D /* parallel.c in Sources */ = {isa = PBXBuildFile; fileRef = 98E972450BD9D9DF0041110D /* parallel.c */; };
		98E972820BD9D9DF0041110D /* printer.c in Sources */ = {isa = PBXBuildFile; fileRef = 98E972470BD9D9DF0041110D /* printer.c */; };
		98E972830BD9D9DF0041110D /* printercache.c in Sources */ = {isa = PBXBuildFile; fileRef = 98E972480BD9D9DF0041110D /* printercache.c */; };
		98E972850BD9D9DF0041110D /* pstcache.c in Sources */ = {isa = PBXBuildFile; fileRef = 98E9724A0BD9D9DF0041110D /* pstcache.c */; };
		98E972870BD9D9DF0041110D /* RDCBitmap.m in Sources */ = {isa = PBXBuildFile; fileRef = 98E9724C0BD9D9DF0041110D /* RDCBitmap.m */; };
		98E972890BD9D9DF0041110D /* RDCKeyboard.m in Sources */ = {isa = PBXBuildFile; fileRef = 98E9724E0BD9D9DF0041110D /* RDCKeyboard.m */; };
		98E9728E0BD9D9DF0041110D /* RDInstance.m in Sources */ = {isa = PBXBuildFile; fileRef = 98E972530BD9D9DF0041110D /* RDInstance.m */; };
		98E9728F0BD9D9DF0041110D /* rdp.m in Sources */ = {isa = PBXBuildFile; fileRef = 98E972540BD9D9DF0041110D /* rdp.m */; };
		98E972900BD9D9DF0041110D /* rdp5.c in Sources */ = {isa = PBXBuildFile; fileRef = 98E972550BD9D9DF0041110D /* rdp5.c */; };
		98E972910BD9D9DF0041110D /* rdpdr.c in Sources */ = {isa = PBXBuildFile; fileRef = 98E972560BD9D9DF0041110D /* rdpdr.c */; };
		98E972950BD9D9DF0041110D /* secure.c in Sources */ = {isa = PBXBuildFile; fileRef = 98E9725A0BD9D9DF0041110D /* secure.c */; };
		98E972960BD9D9DF0041110D /* serial.c in Sources */ = {isa = PBXBuildFile; fileRef = 98E9725B0BD9D9DF0041110D /* serial.c */; };
		98E972970BD9D9DF0041110D /* tcp.m in Sources */ = {isa = PBXBuildFile; fileRef = 98E9725C0BD9D9DF0041110D /* tcp.m */; };
		98E972990BD9D9DF0041110D /* ui_stubs.m in Sources */ = {isa = PBXBuildFile; fileRef = 98E9725E0BD9D9DF0041110D /* ui_stubs.m */; };
		98E972CF0BD9DA820041110D /* Arrow.png in Resources */ = {isa = PBXBuildFile; fileRef = 98E972BD0BD9DA820041110D /* Arrow.png */; };
		98E972D00BD9DA820041110D /* Clock icon.png in Resources */ = {isa = PBXBuildFile; fileRef = 98E972BE0BD9DA820041110D /* Clock icon.png */; };
		98E972D10BD9DA820041110D /* Disconnect.png in Resources */ = {isa = PBXBuildFile; fileRef = 98E972BF0BD9DA820041110D /* Disconnect.png */; };
		98E972D30BD9DA820041110D /* Fullscreen.png in Resources */ = {isa = PBXBuildFile; fileRef = 98E972C40BD9DA820041110D /* Fullscreen.png */; };
		98E972D40BD9DA820041110D /* i Button Face.png in Resources */ = {isa = PBXBuildFile; fileRef = 98E972C50BD9DA820041110D /* i Button Face.png */; };
		98E972D50BD9DA820041110D /* Info.plist in Resources */ = {isa = PBXBuildFile; fileRef = 98E972C60BD9DA820041110D /* Info.plist */; };
		98E972D60BD9DA820041110D /* keymap.txt in Resources */ = {isa = PBXBuildFile; fileRef = 98E972C70BD9DA820041110D /* keymap.txt */; };
		98E972D70BD9DA820041110D /* plus.png in Resources */ = {isa = PBXBuildFile; fileRef = 98E972C80BD9DA820041110D /* plus.png */; };
		98E972D80BD9DA820041110D /* rdesktop.icns in Resources */ = {isa = PBXBuildFile; fileRef = 98E972C90BD9DA820041110D /* rdesktop.icns */; };
		98E972D90BD9DA820041110D /* rdp document.icns in Resources */ = {isa = PBXBuildFile; fileRef = 98E972CA0BD9DA820041110D /* rdp document.icns */; };
		98E972DA0BD9DA820041110D /* Servers.png in Resources */ = {isa = PBXBuildFile; fileRef = 98E972CB0BD9DA820041110D /* Servers.png */; };
		98E972DB0BD9DA820041110D /* Unified.png in Resources */ = {isa = PBXBuildFile; fileRef = 98E972CC0BD9DA820041110D /* Unified.png */; };
		98E972DC0BD9DA820041110D /* Windowed.png in Resources */ = {isa = PBXBuildFile; fileRef = 98E972CD0BD9DA820041110D /* Windowed.png */; };
		98E972DD0BD9DA820041110D /* windows_keymap_table.txt in Resources */ = {isa = PBXBuildFile; fileRef = 98E972CE0BD9DA820041110D /* windows_keymap_table.txt */; };
		98E972E70BD9DA9F0041110D /* InfoPlist.strings in Resources */ = {isa = PBXBuildFile; fileRef = 98E972E30BD9DA9F0041110D /* InfoPlist.strings */; };
		98E972E80BD9DA9F0041110D /* MainMenu.nib in Resources */ = {isa = PBXBuildFile; fileRef = 98E972E50BD9DA9F0041110D /* MainMenu.nib */; };
		98E972FC0BD9DB7D0041110D /* RDCView.m in Sources */ = {isa = PBXBuildFile; fileRef = 98E972500BD9D9DF0041110D /* RDCView.m */; };
		98E973B10BD9DD670041110D /* Sparkle.framework in Frameworks */ = {isa = PBXBuildFile; fileRef = 98E972B90BD9DA720041110D /* Sparkle.framework */; };
		98E973B20BD9DD6B0041110D /* Sparkle.framework in CopyFiles */ = {isa = PBXBuildFile; fileRef = 98E972B90BD9DA720041110D /* Sparkle.framework */; };
/* End PBXBuildFile section */

/* Begin PBXCopyFilesBuildPhase section */
		446801890ABF9AAB00FE4069 /* CopyFiles */ = {
			isa = PBXCopyFilesBuildPhase;
			buildActionMask = 2147483647;
			dstPath = "";
			dstSubfolderSpec = 10;
			files = (
				98E973B20BD9DD6B0041110D /* Sparkle.framework in CopyFiles */,
				98E972660BD9D9DF0041110D /* Cord_Prefix.pch in CopyFiles */,
			);
			runOnlyForDeploymentPostprocessing = 0;
		};
/* End PBXCopyFilesBuildPhase section */

/* Begin PBXFileReference section */
		1058C7A1FEA54F0111CA2CBB /* Cocoa.framework */ = {isa = PBXFileReference; lastKnownFileType = wrapper.framework; name = Cocoa.framework; path = /System/Library/Frameworks/Cocoa.framework; sourceTree = "<absolute>"; };
		13E42FB307B3F0F600E4EEF1 /* CoreData.framework */ = {isa = PBXFileReference; lastKnownFileType = wrapper.framework; name = CoreData.framework; path = /System/Library/Frameworks/CoreData.framework; sourceTree = "<absolute>"; };
		29B97324FDCFA39411CA2CEA /* AppKit.framework */ = {isa = PBXFileReference; lastKnownFileType = wrapper.framework; name = AppKit.framework; path = /System/Library/Frameworks/AppKit.framework; sourceTree = "<absolute>"; };
		29B97325FDCFA39411CA2CEA /* Foundation.framework */ = {isa = PBXFileReference; lastKnownFileType = wrapper.framework; name = Foundation.framework; path = /System/Library/Frameworks/Foundation.framework; sourceTree = "<absolute>"; };
		8D1107320486CEB800E47090 /* Cord.app */ = {isa = PBXFileReference; explicitFileType = wrapper.application; includeInIndex = 0; path = Cord.app; sourceTree = BUILT_PRODUCTS_DIR; };
		981739840BACE45D00EAB48A /* Carbon.framework */ = {isa = PBXFileReference; lastKnownFileType = wrapper.framework; name = Carbon.framework; path = /System/Library/Frameworks/Carbon.framework; sourceTree = "<absolute>"; };
		987D6E2B0B51DEF3005B8E92 /* Security.framework */ = {isa = PBXFileReference; lastKnownFileType = wrapper.framework; name = Security.framework; path = /System/Library/Frameworks/Security.framework; sourceTree = "<absolute>"; };
		98E972240BD9D9DF0041110D /* AppController.h */ = {isa = PBXFileReference; fileEncoding = 30; lastKnownFileType = sourcecode.c.h; name = AppController.h; path = Source/AppController.h; sourceTree = "<group>"; };
		98E972250BD9D9DF0041110D /* AppController.m */ = {isa = PBXFileReference; fileEncoding = 30; lastKnownFileType = sourcecode.c.objc; name = AppController.m; path = Source/AppController.m; sourceTree = "<group>"; };
		98E972260BD9D9DF0041110D /* bitmap.c */ = {isa = PBXFileReference; fileEncoding = 30; lastKnownFileType = sourcecode.c.c; name = bitmap.c; path = Source/bitmap.c; sourceTree = "<group>"; };
		98E972270BD9D9DF0041110D /* cache.c */ = {isa = PBXFileReference; fileEncoding = 30; lastKnownFileType = sourcecode.c.c; name = cache.c; path = Source/cache.c; sourceTree = "<group>"; };
		98E972280BD9D9DF0041110D /* channels.c */ = {isa = PBXFileReference; fileEncoding = 30; lastKnownFileType = sourcecode.c.c; name = channels.c; path = Source/channels.c; sourceTree = "<group>"; };
		98E972290BD9D9DF0041110D /* cliprdr.c */ = {isa = PBXFileReference; fileEncoding = 30; lastKnownFileType = sourcecode.c.c; name = cliprdr.c; path = Source/cliprdr.c; sourceTree = "<group>"; };
		98E9722A0BD9D9DF0041110D /* constants.h */ = {isa = PBXFileReference; fileEncoding = 30; lastKnownFileType = sourcecode.c.h; name = constants.h; path = Source/constants.h; sourceTree = "<group>"; };
		98E9722B0BD9D9DF0041110D /* Cord_Prefix.pch */ = {isa = PBXFileReference; explicitFileType = sourcecode.c.h; fileEncoding = 30; name = Cord_Prefix.pch; path = Source/Cord_Prefix.pch; sourceTree = "<group>"; };
		98E9722C0BD9D9DF0041110D /* CRDApplication.h */ = {isa = PBXFileReference; fileEncoding = 30; lastKnownFileType = sourcecode.c.h; name = CRDApplication.h; path = Source/CRDApplication.h; sourceTree = "<group>"; };
		98E9722D0BD9D9DF0041110D /* CRDApplication.m */ = {isa = PBXFileReference; fileEncoding = 30; lastKnownFileType = sourcecode.c.objc; name = CRDApplication.m; path = Source/CRDApplication.m; sourceTree = "<group>"; };
		98E9722E0BD9D9DF0041110D /* CRDFullScreenWindow.h */ = {isa = PBXFileReference; fileEncoding = 30; lastKnownFileType = sourcecode.c.h; name = CRDFullScreenWindow.h; path = Source/CRDFullScreenWindow.h; sourceTree = "<group>"; };
		98E9722F0BD9D9DF0041110D /* CRDFullScreenWindow.m */ = {isa = PBXFileReference; fileEncoding = 30; lastKnownFileType = sourcecode.c.objc; name = CRDFullScreenWindow.m; path = Source/CRDFullScreenWindow.m; sourceTree = "<group>"; };
		98E972300BD9D9DF0041110D /* CRDLabelCell.h */ = {isa = PBXFileReference; fileEncoding = 30; lastKnownFileType = sourcecode.c.h; name = CRDLabelCell.h; path = Source/CRDLabelCell.h; sourceTree = "<group>"; };
		98E972310BD9D9DF0041110D /* CRDLabelCell.m */ = {isa = PBXFileReference; fileEncoding = 30; lastKnownFileType = sourcecode.c.objc; name = CRDLabelCell.m; path = Source/CRDLabelCell.m; sourceTree = "<group>"; };
		98E972320BD9D9DF0041110D /* CRDServerCell.h */ = {isa = PBXFileReference; fileEncoding = 30; lastKnownFileType = sourcecode.c.h; name = CRDServerCell.h; path = Source/CRDServerCell.h; sourceTree = "<group>"; };
		98E972330BD9D9DF0041110D /* CRDServerCell.m */ = {isa = PBXFileReference; fileEncoding = 30; lastKnownFileType = sourcecode.c.objc; name = CRDServerCell.m; path = Source/CRDServerCell.m; sourceTree = "<group>"; };
		98E972340BD9D9DF0041110D /* CRDServerList.h */ = {isa = PBXFileReference; fileEncoding = 30; lastKnownFileType = sourcecode.c.h; name = CRDServerList.h; path = Source/CRDServerList.h; sourceTree = "<group>"; };
		98E972350BD9D9DF0041110D /* CRDServerList.m */ = {isa = PBXFileReference; fileEncoding = 30; lastKnownFileType = sourcecode.c.objc; name = CRDServerList.m; path = Source/CRDServerList.m; sourceTree = "<group>"; };
		98E972360BD9D9DF0041110D /* CRDServersColumn.h */ = {isa = PBXFileReference; fileEncoding = 30; lastKnownFileType = sourcecode.c.h; name = CRDServersColumn.h; path = Source/CRDServersColumn.h; sourceTree = "<group>"; };
		98E972370BD9D9DF0041110D /* CRDServersColumn.m */ = {isa = PBXFileReference; fileEncoding = 30; lastKnownFileType = sourcecode.c.objc; name = CRDServersColumn.m; path = Source/CRDServersColumn.m; sourceTree = "<group>"; };
		98E972380BD9D9DF0041110D /* disk.h */ = {isa = PBXFileReference; fileEncoding = 30; lastKnownFileType = sourcecode.c.h; name = disk.h; path = Source/disk.h; sourceTree = "<group>"; };
		98E972390BD9D9DF0041110D /* disk.m */ = {isa = PBXFileReference; fileEncoding = 30; lastKnownFileType = sourcecode.c.objc; name = disk.m; path = Source/disk.m; sourceTree = "<group>"; };
		98E9723A0BD9D9DF0041110D /* iso.m */ = {isa = PBXFileReference; fileEncoding = 30; lastKnownFileType = sourcecode.c.objc; name = iso.m; path = Source/iso.m; sourceTree = "<group>"; };
		98E9723B0BD9D9DF0041110D /* keychain.c */ = {isa = PBXFileReference; fileEncoding = 30; lastKnownFileType = sourcecode.c.c; name = keychain.c; path = Source/keychain.c; sourceTree = "<group>"; };
		98E9723C0BD9D9DF0041110D /* keychain.h */ = {isa = PBXFileReference; fileEncoding = 30; lastKnownFileType = sourcecode.c.h; name = keychain.h; path = Source/keychain.h; sourceTree = "<group>"; };
		98E9723D0BD9D9DF0041110D /* licence.c */ = {isa = PBXFileReference; fileEncoding = 30; lastKnownFileType = sourcecode.c.c; name = licence.c; path = Source/licence.c; sourceTree = "<group>"; };
		98E9723E0BD9D9DF0041110D /* main.m */ = {isa = PBXFileReference; fileEncoding = 30; lastKnownFileType = sourcecode.c.objc; name = main.m; path = Source/main.m; sourceTree = "<group>"; };
		98E9723F0BD9D9DF0041110D /* mcs.c */ = {isa = PBXFileReference; fileEncoding = 30; lastKnownFileType = sourcecode.c.c; name = mcs.c; path = Source/mcs.c; sourceTree = "<group>"; };
		98E972400BD9D9DF0041110D /* miscellany.h */ = {isa = PBXFileReference; fileEncoding = 30; lastKnownFileType = sourcecode.c.h; name = miscellany.h; path = Source/miscellany.h; sourceTree = "<group>"; };
		98E972410BD9D9DF0041110D /* miscellany.m */ = {isa = PBXFileReference; fileEncoding = 30; lastKnownFileType = sourcecode.c.objc; name = miscellany.m; path = Source/miscellany.m; sourceTree = "<group>"; };
		98E972420BD9D9DF0041110D /* mppc.c */ = {isa = PBXFileReference; fileEncoding = 30; lastKnownFileType = sourcecode.c.c; name = mppc.c; path = Source/mppc.c; sourceTree = "<group>"; };
		98E972430BD9D9DF0041110D /* orders.c */ = {isa = PBXFileReference; fileEncoding = 30; lastKnownFileType = sourcecode.c.c; name = orders.c; path = Source/orders.c; sourceTree = "<group>"; };
		98E972440BD9D9DF0041110D /* orders.h */ = {isa = PBXFileReference; fileEncoding = 30; lastKnownFileType = sourcecode.c.h; name = orders.h; path = Source/orders.h; sourceTree = "<group>"; };
		98E972450BD9D9DF0041110D /* parallel.c */ = {isa = PBXFileReference; fileEncoding = 30; lastKnownFileType = sourcecode.c.c; name = parallel.c; path = Source/parallel.c; sourceTree = "<group>"; };
		98E972460BD9D9DF0041110D /* parse.h */ = {isa = PBXFileReference; fileEncoding = 30; lastKnownFileType = sourcecode.c.h; name = parse.h; path = Source/parse.h; sourceTree = "<group>"; };
		98E972470BD9D9DF0041110D /* printer.c */ = {isa = PBXFileReference; fileEncoding = 30; lastKnownFileType = sourcecode.c.c; name = printer.c; path = Source/printer.c; sourceTree = "<group>"; };
		98E972480BD9D9DF0041110D /* printercache.c */ = {isa = PBXFileReference; fileEncoding = 30; lastKnownFileType = sourcecode.c.c; name = printercache.c; path = Source/printercache.c; sourceTree = "<group>"; };
		98E972490BD9D9DF0041110D /* proto.h */ = {isa = PBXFileReference; fileEncoding = 30; lastKnownFileType = sourcecode.c.h; name = proto.h; path = Source/proto.h; sourceTree = "<group>"; };
		98E9724A0BD9D9DF0041110D /* pstcache.c */ = {isa = PBXFileReference; fileEncoding = 30; lastKnownFileType = sourcecode.c.c; name = pstcache.c; path = Source/pstcache.c; sourceTree = "<group>"; };
		98E9724B0BD9D9DF0041110D /* RDCBitmap.h */ = {isa = PBXFileReference; fileEncoding = 30; lastKnownFileType = sourcecode.c.h; name = RDCBitmap.h; path = Source/RDCBitmap.h; sourceTree = "<group>"; };
		98E9724C0BD9D9DF0041110D /* RDCBitmap.m */ = {isa = PBXFileReference; fileEncoding = 30; lastKnownFileType = sourcecode.c.objc; name = RDCBitmap.m; path = Source/RDCBitmap.m; sourceTree = "<group>"; };
		98E9724D0BD9D9DF0041110D /* RDCKeyboard.h */ = {isa = PBXFileReference; fileEncoding = 30; lastKnownFileType = sourcecode.c.h; name = RDCKeyboard.h; path = Source/RDCKeyboard.h; sourceTree = "<group>"; };
		98E9724E0BD9D9DF0041110D /* RDCKeyboard.m */ = {isa = PBXFileReference; fileEncoding = 30; lastKnownFileType = sourcecode.c.objc; name = RDCKeyboard.m; path = Source/RDCKeyboard.m; sourceTree = "<group>"; };
		98E9724F0BD9D9DF0041110D /* RDCView.h */ = {isa = PBXFileReference; fileEncoding = 30; lastKnownFileType = sourcecode.c.h; name = RDCView.h; path = Source/RDCView.h; sourceTree = "<group>"; };
		98E972500BD9D9DF0041110D /* RDCView.m */ = {isa = PBXFileReference; fileEncoding = 30; lastKnownFileType = sourcecode.c.objc; name = RDCView.m; path = Source/RDCView.m; sourceTree = "<group>"; };
		98E972510BD9D9DF0041110D /* rdesktop.h */ = {isa = PBXFileReference; fileEncoding = 30; lastKnownFileType = sourcecode.c.h; name = rdesktop.h; path = Source/rdesktop.h; sourceTree = "<group>"; };
		98E972520BD9D9DF0041110D /* RDInstance.h */ = {isa = PBXFileReference; fileEncoding = 30; lastKnownFileType = sourcecode.c.h; name = RDInstance.h; path = Source/RDInstance.h; sourceTree = "<group>"; };
		98E972530BD9D9DF0041110D /* RDInstance.m */ = {isa = PBXFileReference; fileEncoding = 30; lastKnownFileType = sourcecode.c.objc; name = RDInstance.m; path = Source/RDInstance.m; sourceTree = "<group>"; };
		98E972540BD9D9DF0041110D /* rdp.m */ = {isa = PBXFileReference; fileEncoding = 30; lastKnownFileType = sourcecode.c.objc; name = rdp.m; path = Source/rdp.m; sourceTree = "<group>"; };
		98E972550BD9D9DF0041110D /* rdp5.c */ = {isa = PBXFileReference; fileEncoding = 30; lastKnownFileType = sourcecode.c.c; name = rdp5.c; path = Source/rdp5.c; sourceTree = "<group>"; };
		98E972560BD9D9DF0041110D /* rdpdr.c */ = {isa = PBXFileReference; fileEncoding = 30; lastKnownFileType = sourcecode.c.c; name = rdpdr.c; path = Source/rdpdr.c; sourceTree = "<group>"; };
		98E972570BD9D9DF0041110D /* rdpsnd.c */ = {isa = PBXFileReference; fileEncoding = 30; lastKnownFileType = sourcecode.c.c; name = rdpsnd.c; path = Source/rdpsnd.c; sourceTree = "<group>"; };
		98E972580BD9D9DF0041110D /* rdpsnd_oss.c */ = {isa = PBXFileReference; fileEncoding = 30; lastKnownFileType = sourcecode.c.c; name = rdpsnd_oss.c; path = Source/rdpsnd_oss.c; sourceTree = "<group>"; };
		98E972590BD9D9DF0041110D /* scancodes.h */ = {isa = PBXFileReference; fileEncoding = 30; lastKnownFileType = sourcecode.c.h; name = scancodes.h; path = Source/scancodes.h; sourceTree = "<group>"; };
		98E9725A0BD9D9DF0041110D /* secure.c */ = {isa = PBXFileReference; fileEncoding = 30; lastKnownFileType = sourcecode.c.c; name = secure.c; path = Source/secure.c; sourceTree = "<group>"; };
		98E9725B0BD9D9DF0041110D /* serial.c */ = {isa = PBXFileReference; fileEncoding = 30; lastKnownFileType = sourcecode.c.c; name = serial.c; path = Source/serial.c; sourceTree = "<group>"; };
		98E9725C0BD9D9DF0041110D /* tcp.m */ = {isa = PBXFileReference; fileEncoding = 30; lastKnownFileType = sourcecode.c.objc; name = tcp.m; path = Source/tcp.m; sourceTree = "<group>"; };
		98E9725D0BD9D9DF0041110D /* types.h */ = {isa = PBXFileReference; fileEncoding = 30; lastKnownFileType = sourcecode.c.h; name = types.h; path = Source/types.h; sourceTree = "<group>"; };
		98E9725E0BD9D9DF0041110D /* ui_stubs.m */ = {isa = PBXFileReference; fileEncoding = 30; lastKnownFileType = sourcecode.c.objc; name = ui_stubs.m; path = Source/ui_stubs.m; sourceTree = "<group>"; };
		98E972B90BD9DA720041110D /* Sparkle.framework */ = {isa = PBXFileReference; explicitFileType = wrapper.framework; name = Sparkle.framework; path = Source/Sparkle.framework; sourceTree = "<group>"; };
		98E972BD0BD9DA820041110D /* Arrow.png */ = {isa = PBXFileReference; lastKnownFileType = image.png; name = Arrow.png; path = Resources/Arrow.png; sourceTree = "<group>"; };
		98E972BE0BD9DA820041110D /* Clock icon.png */ = {isa = PBXFileReference; lastKnownFileType = image.png; name = "Clock icon.png"; path = "Resources/Clock icon.png"; sourceTree = "<group>"; };
		98E972BF0BD9DA820041110D /* Disconnect.png */ = {isa = PBXFileReference; lastKnownFileType = image.png; name = Disconnect.png; path = Resources/Disconnect.png; sourceTree = "<group>"; };
		98E972C40BD9DA820041110D /* Fullscreen.png */ = {isa = PBXFileReference; lastKnownFileType = image.png; name = Fullscreen.png; path = Resources/Fullscreen.png; sourceTree = "<group>"; };
		98E972C50BD9DA820041110D /* i Button Face.png */ = {isa = PBXFileReference; lastKnownFileType = image.png; name = "i Button Face.png"; path = "Resources/i Button Face.png"; sourceTree = "<group>"; };
		98E972C60BD9DA820041110D /* Info.plist */ = {isa = PBXFileReference; fileEncoding = 30; lastKnownFileType = text.xml; name = Info.plist; path = Resources/Info.plist; sourceTree = "<group>"; };
		98E972C70BD9DA820041110D /* keymap.txt */ = {isa = PBXFileReference; fileEncoding = 30; lastKnownFileType = text; name = keymap.txt; path = Resources/keymap.txt; sourceTree = "<group>"; };
		98E972C80BD9DA820041110D /* plus.png */ = {isa = PBXFileReference; lastKnownFileType = image.png; name = plus.png; path = Resources/plus.png; sourceTree = "<group>"; };
		98E972C90BD9DA820041110D /* rdesktop.icns */ = {isa = PBXFileReference; lastKnownFileType = image.icns; name = rdesktop.icns; path = Resources/rdesktop.icns; sourceTree = "<group>"; };
		98E972CA0BD9DA820041110D /* rdp document.icns */ = {isa = PBXFileReference; lastKnownFileType = image.icns; name = "rdp document.icns"; path = "Resources/rdp document.icns"; sourceTree = "<group>"; };
		98E972CB0BD9DA820041110D /* Servers.png */ = {isa = PBXFileReference; lastKnownFileType = image.png; name = Servers.png; path = Resources/Servers.png; sourceTree = "<group>"; };
		98E972CC0BD9DA820041110D /* Unified.png */ = {isa = PBXFileReference; lastKnownFileType = image.png; name = Unified.png; path = Resources/Unified.png; sourceTree = "<group>"; };
		98E972CD0BD9DA820041110D /* Windowed.png */ = {isa = PBXFileReference; lastKnownFileType = image.png; name = Windowed.png; path = Resources/Windowed.png; sourceTree = "<group>"; };
		98E972CE0BD9DA820041110D /* windows_keymap_table.txt */ = {isa = PBXFileReference; fileEncoding = 30; lastKnownFileType = text; name = windows_keymap_table.txt; path = Resources/windows_keymap_table.txt; sourceTree = "<group>"; };
		98E972E40BD9DA9F0041110D /* English */ = {isa = PBXFileReference; fileEncoding = 30; lastKnownFileType = text.plist.strings; name = English; path = Resources/English.lproj/InfoPlist.strings; sourceTree = "<group>"; };
		98E972E60BD9DA9F0041110D /* English */ = {isa = PBXFileReference; lastKnownFileType = wrapper.nib; name = English; path = Resources/English.lproj/MainMenu.nib; sourceTree = "<group>"; };
/* End PBXFileReference section */

/* Begin PBXFrameworksBuildPhase section */
		8D11072E0486CEB800E47090 /* Frameworks */ = {
			isa = PBXFrameworksBuildPhase;
			buildActionMask = 2147483647;
			files = (
				8D11072F0486CEB800E47090 /* Cocoa.framework in Frameworks */,
				987D6E2C0B51DEF3005B8E92 /* Security.framework in Frameworks */,
				981739850BACE45D00EAB48A /* Carbon.framework in Frameworks */,
				98E973B10BD9DD670041110D /* Sparkle.framework in Frameworks */,
			);
			runOnlyForDeploymentPostprocessing = 0;
		};
/* End PBXFrameworksBuildPhase section */

/* Begin PBXGroup section */
		080E96DDFE201D6D7F000001 /* Classes */ = {
			isa = PBXGroup;
			children = (
				98A96DE80BC9C695005F217F /* rdesktop UI */,
				983E4BAE0BB8900D009F833D /* Cocoa UI */,
				98E972240BD9D9DF0041110D /* AppController.h */,
				98E972250BD9D9DF0041110D /* AppController.m */,
				98E9722C0BD9D9DF0041110D /* CRDApplication.h */,
				98E9722D0BD9D9DF0041110D /* CRDApplication.m */,
				98E972520BD9D9DF0041110D /* RDInstance.h */,
				98E972530BD9D9DF0041110D /* RDInstance.m */,
			);
			name = Classes;
			sourceTree = "<group>";
		};
		1058C7A0FEA54F0111CA2CBB /* Linked Frameworks */ = {
			isa = PBXGroup;
			children = (
				981739840BACE45D00EAB48A /* Carbon.framework */,
				987D6E2B0B51DEF3005B8E92 /* Security.framework */,
				29B97324FDCFA39411CA2CEA /* AppKit.framework */,
				13E42FB307B3F0F600E4EEF1 /* CoreData.framework */,
				29B97325FDCFA39411CA2CEA /* Foundation.framework */,
				1058C7A1FEA54F0111CA2CBB /* Cocoa.framework */,
			);
			name = "Linked Frameworks";
			sourceTree = "<group>";
		};
		1058C7A2FEA54F0111CA2CBB /* Included Frameworks */ = {
			isa = PBXGroup;
			children = (
				98E972B90BD9DA720041110D /* Sparkle.framework */,
			);
			name = "Included Frameworks";
			sourceTree = "<group>";
		};
		19C28FACFE9D520D11CA2CBB /* Products */ = {
			isa = PBXGroup;
			children = (
				8D1107320486CEB800E47090 /* Cord.app */,
			);
			name = Products;
			sourceTree = "<group>";
		};
		29B97314FDCFA39411CA2CEA /* Cord */ = {
			isa = PBXGroup;
			children = (
				44D2AE410AA761C000EA19A1 /* rdesktop */,
				080E96DDFE201D6D7F000001 /* Classes */,
				29B97315FDCFA39411CA2CEA /* Other Sources */,
				29B97317FDCFA39411CA2CEA /* Resources */,
				29B97323FDCFA39411CA2CEA /* Frameworks */,
				19C28FACFE9D520D11CA2CBB /* Products */,
			);
			name = Cord;
			sourceTree = "<group>";
		};
		29B97315FDCFA39411CA2CEA /* Other Sources */ = {
			isa = PBXGroup;
			children = (
				98E9722B0BD9D9DF0041110D /* Cord_Prefix.pch */,
				98E9723C0BD9D9DF0041110D /* keychain.h */,
				98E9723B0BD9D9DF0041110D /* keychain.c */,
				98E9723E0BD9D9DF0041110D /* main.m */,
				98E972400BD9D9DF0041110D /* miscellany.h */,
				98E972410BD9D9DF0041110D /* miscellany.m */,
			);
			name = "Other Sources";
			sourceTree = "<group>";
		};
		29B97317FDCFA39411CA2CEA /* Resources */ = {
			isa = PBXGroup;
			children = (
				98E972E30BD9DA9F0041110D /* InfoPlist.strings */,
				98E972E50BD9DA9F0041110D /* MainMenu.nib */,
				98E972BD0BD9DA820041110D /* Arrow.png */,
				98E972BE0BD9DA820041110D /* Clock icon.png */,
				98E972BF0BD9DA820041110D /* Disconnect.png */,
				98E972C40BD9DA820041110D /* Fullscreen.png */,
				98E972C50BD9DA820041110D /* i Button Face.png */,
				98E972C60BD9DA820041110D /* Info.plist */,
				98E972C70BD9DA820041110D /* keymap.txt */,
				98E972C80BD9DA820041110D /* plus.png */,
				98E972C90BD9DA820041110D /* rdesktop.icns */,
				98E972CA0BD9DA820041110D /* rdp document.icns */,
				98E972CB0BD9DA820041110D /* Servers.png */,
				98E972CC0BD9DA820041110D /* Unified.png */,
				98E972CD0BD9DA820041110D /* Windowed.png */,
				98E972CE0BD9DA820041110D /* windows_keymap_table.txt */,
			);
			name = Resources;
			sourceTree = "<group>";
		};
		29B97323FDCFA39411CA2CEA /* Frameworks */ = {
			isa = PBXGroup;
			children = (
				1058C7A0FEA54F0111CA2CBB /* Linked Frameworks */,
				1058C7A2FEA54F0111CA2CBB /* Included Frameworks */,
			);
			name = Frameworks;
			sourceTree = "<group>";
		};
		44D2AE410AA761C000EA19A1 /* rdesktop */ = {
			isa = PBXGroup;
			children = (
				98E972260BD9D9DF0041110D /* bitmap.c */,
				98E972280BD9D9DF0041110D /* channels.c */,
				98E972270BD9D9DF0041110D /* cache.c */,
				98E972290BD9D9DF0041110D /* cliprdr.c */,
				98E9722A0BD9D9DF0041110D /* constants.h */,
				98E972380BD9D9DF0041110D /* disk.h */,
				98E972390BD9D9DF0041110D /* disk.m */,
				98E9723A0BD9D9DF0041110D /* iso.m */,
				98E9723D0BD9D9DF0041110D /* licence.c */,
				98E9723F0BD9D9DF0041110D /* mcs.c */,
				98E972420BD9D9DF0041110D /* mppc.c */,
				98E972430BD9D9DF0041110D /* orders.c */,
				98E972440BD9D9DF0041110D /* orders.h */,
				98E972450BD9D9DF0041110D /* parallel.c */,
				98E972460BD9D9DF0041110D /* parse.h */,
				98E972470BD9D9DF0041110D /* printer.c */,
				98E972480BD9D9DF0041110D /* printercache.c */,
				98E972490BD9D9DF0041110D /* proto.h */,
				98E9724A0BD9D9DF0041110D /* pstcache.c */,
				98E972510BD9D9DF0041110D /* rdesktop.h */,
				98E972540BD9D9DF0041110D /* rdp.m */,
				98E972550BD9D9DF0041110D /* rdp5.c */,
				98E972560BD9D9DF0041110D /* rdpdr.c */,
				98E972570BD9D9DF0041110D /* rdpsnd.c */,
				98E972580BD9D9DF0041110D /* rdpsnd_oss.c */,
				98E972590BD9D9DF0041110D /* scancodes.h */,
				98E9725A0BD9D9DF0041110D /* secure.c */,
				98E9725B0BD9D9DF0041110D /* serial.c */,
				98E9725C0BD9D9DF0041110D /* tcp.m */,
				98E9725D0BD9D9DF0041110D /* types.h */,
			);
			name = rdesktop;
			sourceTree = "<group>";
		};
		983E4BAE0BB8900D009F833D /* Cocoa UI */ = {
			isa = PBXGroup;
			children = (
				98E9722E0BD9D9DF0041110D /* CRDFullScreenWindow.h */,
				98E9722F0BD9D9DF0041110D /* CRDFullScreenWindow.m */,
				98E972300BD9D9DF0041110D /* CRDLabelCell.h */,
				98E972310BD9D9DF0041110D /* CRDLabelCell.m */,
				98E972320BD9D9DF0041110D /* CRDServerCell.h */,
				98E972330BD9D9DF0041110D /* CRDServerCell.m */,
				98E972340BD9D9DF0041110D /* CRDServerList.h */,
				98E972350BD9D9DF0041110D /* CRDServerList.m */,
				98E972360BD9D9DF0041110D /* CRDServersColumn.h */,
				98E972370BD9D9DF0041110D /* CRDServersColumn.m */,
			);
			name = "Cocoa UI";
			sourceTree = "<group>";
		};
		98A96DE80BC9C695005F217F /* rdesktop UI */ = {
			isa = PBXGroup;
			children = (
				98E9725E0BD9D9DF0041110D /* ui_stubs.m */,
				98E9724B0BD9D9DF0041110D /* RDCBitmap.h */,
				98E9724C0BD9D9DF0041110D /* RDCBitmap.m */,
				98E9724D0BD9D9DF0041110D /* RDCKeyboard.h */,
				98E9724E0BD9D9DF0041110D /* RDCKeyboard.m */,
				98E9724F0BD9D9DF0041110D /* RDCView.h */,
				98E972500BD9D9DF0041110D /* RDCView.m */,
			);
			name = "rdesktop UI";
			sourceTree = "<group>";
		};
/* End PBXGroup section */

/* Begin PBXNativeTarget section */
		8D1107260486CEB800E47090 /* CoRD */ = {
			isa = PBXNativeTarget;
			buildConfigurationList = C01FCF4A08A954540054247B /* Build configuration list for PBXNativeTarget "CoRD" */;
			buildPhases = (
				8D1107290486CEB800E47090 /* Resources */,
				8D11072C0486CEB800E47090 /* Sources */,
				8D11072E0486CEB800E47090 /* Frameworks */,
				446801890ABF9AAB00FE4069 /* CopyFiles */,
			);
			buildRules = (
			);
			dependencies = (
			);
			name = CoRD;
			productInstallPath = "$(HOME)/Applications";
			productName = Cord;
			productReference = 8D1107320486CEB800E47090 /* Cord.app */;
			productType = "com.apple.product-type.application";
		};
/* End PBXNativeTarget section */

/* Begin PBXProject section */
		29B97313FDCFA39411CA2CEA /* Project object */ = {
			isa = PBXProject;
			buildConfigurationList = C01FCF4E08A954540054247B /* Build configuration list for PBXProject "Cord" */;
			hasScannedForEncodings = 1;
			mainGroup = 29B97314FDCFA39411CA2CEA /* Cord */;
			projectDirPath = "";
			targets = (
				8D1107260486CEB800E47090 /* CoRD */,
			);
		};
/* End PBXProject section */

/* Begin PBXResourcesBuildPhase section */
		8D1107290486CEB800E47090 /* Resources */ = {
			isa = PBXResourcesBuildPhase;
			buildActionMask = 2147483647;
			files = (
				98E972CF0BD9DA820041110D /* Arrow.png in Resources */,
				98E972D00BD9DA820041110D /* Clock icon.png in Resources */,
				98E972D10BD9DA820041110D /* Disconnect.png in Resources */,
				98E972D30BD9DA820041110D /* Fullscreen.png in Resources */,
				98E972D40BD9DA820041110D /* i Button Face.png in Resources */,
				98E972D50BD9DA820041110D /* Info.plist in Resources */,
				98E972D60BD9DA820041110D /* keymap.txt in Resources */,
				98E972D70BD9DA820041110D /* plus.png in Resources */,
				98E972D80BD9DA820041110D /* rdesktop.icns in Resources */,
				98E972D90BD9DA820041110D /* rdp document.icns in Resources */,
				98E972DA0BD9DA820041110D /* Servers.png in Resources */,
				98E972DB0BD9DA820041110D /* Unified.png in Resources */,
				98E972DC0BD9DA820041110D /* Windowed.png in Resources */,
				98E972DD0BD9DA820041110D /* windows_keymap_table.txt in Resources */,
				98E972E70BD9DA9F0041110D /* InfoPlist.strings in Resources */,
				98E972E80BD9DA9F0041110D /* MainMenu.nib in Resources */,
			);
			runOnlyForDeploymentPostprocessing = 0;
		};
/* End PBXResourcesBuildPhase section */

/* Begin PBXSourcesBuildPhase section */
		8D11072C0486CEB800E47090 /* Sources */ = {
			isa = PBXSourcesBuildPhase;
			buildActionMask = 2147483647;
			files = (
				98E972600BD9D9DF0041110D /* AppController.m in Sources */,
				98E972610BD9D9DF0041110D /* bitmap.c in Sources */,
				98E972620BD9D9DF0041110D /* cache.c in Sources */,
				98E972630BD9D9DF0041110D /* channels.c in Sources */,
				98E972640BD9D9DF0041110D /* cliprdr.c in Sources */,
				98E972680BD9D9DF0041110D /* CRDApplication.m in Sources */,
				98E9726A0BD9D9DF0041110D /* CRDFullScreenWindow.m in Sources */,
				98E9726C0BD9D9DF0041110D /* CRDLabelCell.m in Sources */,
				98E9726E0BD9D9DF0041110D /* CRDServerCell.m in Sources */,
				98E972700BD9D9DF0041110D /* CRDServerList.m in Sources */,
				98E972720BD9D9DF0041110D /* CRDServersColumn.m in Sources */,
				98E972740BD9D9DF0041110D /* disk.m in Sources */,
				98E972750BD9D9DF0041110D /* iso.m in Sources */,
				98E972760BD9D9DF0041110D /* keychain.c in Sources */,
				98E972780BD9D9DF0041110D /* licence.c in Sources */,
				98E972790BD9D9DF0041110D /* main.m in Sources */,
				98E9727A0BD9D9DF0041110D /* mcs.c in Sources */,
				98E9727C0BD9D9DF0041110D /* miscellany.m in Sources */,
				98E9727D0BD9D9DF0041110D /* mppc.c in Sources */,
				98E9727E0BD9D9DF0041110D /* orders.c in Sources */,
				98E972800BD9D9DF0041110D /* parallel.c in Sources */,
				98E972820BD9D9DF0041110D /* printer.c in Sources */,
				98E972830BD9D9DF0041110D /* printercache.c in Sources */,
				98E972850BD9D9DF0041110D /* pstcache.c in Sources */,
				98E972870BD9D9DF0041110D /* RDCBitmap.m in Sources */,
				98E972890BD9D9DF0041110D /* RDCKeyboard.m in Sources */,
				98E9728E0BD9D9DF0041110D /* RDInstance.m in Sources */,
				98E9728F0BD9D9DF0041110D /* rdp.m in Sources */,
				98E972900BD9D9DF0041110D /* rdp5.c in Sources */,
				98E972910BD9D9DF0041110D /* rdpdr.c in Sources */,
				98E972950BD9D9DF0041110D /* secure.c in Sources */,
				98E972960BD9D9DF0041110D /* serial.c in Sources */,
				98E972970BD9D9DF0041110D /* tcp.m in Sources */,
				98E972990BD9D9DF0041110D /* ui_stubs.m in Sources */,
				98E972FC0BD9DB7D0041110D /* RDCView.m in Sources */,
			);
			runOnlyForDeploymentPostprocessing = 0;
		};
/* End PBXSourcesBuildPhase section */

/* Begin PBXVariantGroup section */
		98E972E30BD9DA9F0041110D /* InfoPlist.strings */ = {
			isa = PBXVariantGroup;
			children = (
				98E972E40BD9DA9F0041110D /* English */,
			);
			name = InfoPlist.strings;
			sourceTree = "<group>";
		};
		98E972E50BD9DA9F0041110D /* MainMenu.nib */ = {
			isa = PBXVariantGroup;
			children = (
				98E972E60BD9DA9F0041110D /* English */,
			);
			name = MainMenu.nib;
			sourceTree = "<group>";
		};
/* End PBXVariantGroup section */

/* Begin XCBuildConfiguration section */
		C01FCF4B08A954540054247B /* Debug */ = {
			isa = XCBuildConfiguration;
			buildSettings = {
				COPY_PHASE_STRIP = NO;
				FRAMEWORK_SEARCH_PATHS = (
					"$(inherited)",
					"$(FRAMEWORK_SEARCH_PATHS_QUOTED_1)",
					"$(FRAMEWORK_SEARCH_PATHS_QUOTED_2)",
				);
				FRAMEWORK_SEARCH_PATHS_QUOTED_1 = "\"$(SRCROOT)\"";
				FRAMEWORK_SEARCH_PATHS_QUOTED_2 = "\"$(SRCROOT)/Source\"";
				GCC_C_LANGUAGE_STANDARD = c99;
				GCC_DEBUGGING_SYMBOLS = default;
				GCC_DYNAMIC_NO_PIC = NO;
				GCC_ENABLE_FIX_AND_CONTINUE = YES;
				GCC_ENABLE_OBJC_EXCEPTIONS = YES;
				GCC_MODEL_TUNING = G5;
				GCC_OPTIMIZATION_LEVEL = 0;
				GCC_PRECOMPILE_PREFIX_HEADER = YES;
				GCC_PREFIX_HEADER = Source/Cord_Prefix.pch;
				GCC_SYMBOLS_PRIVATE_EXTERN = NO;
				GCC_WARN_ABOUT_MISSING_PROTOTYPES = YES;
				GCC_WARN_CHECK_SWITCH_STATEMENTS = YES;
				GCC_WARN_MISSING_PARENTHESES = YES;
				GCC_WARN_SHADOW = NO;
				GCC_WARN_TYPECHECK_CALLS_TO_PRINTF = YES;
				GCC_WARN_UNINITIALIZED_AUTOS = NO;
				GCC_WARN_UNKNOWN_PRAGMAS = NO;
				GCC_WARN_UNUSED_FUNCTION = YES;
				GCC_WARN_UNUSED_VALUE = YES;
				GCC_WARN_UNUSED_VARIABLE = NO;
				INFOPLIST_FILE = Resources/Info.plist;
				INSTALL_PATH = "$(HOME)/Applications";
				OTHER_LDFLAGS = "-lcrypto";
				PRODUCT_NAME = Cord;
				VERSIONING_SYSTEM = "";
				WRAPPER_EXTENSION = app;
				ZERO_LINK = NO;
			};
			name = Debug;
		};
		C01FCF4C08A954540054247B /* Release */ = {
			isa = XCBuildConfiguration;
			buildSettings = {
				ARCHS = (
					ppc,
					i386,
				);
				FRAMEWORK_SEARCH_PATHS = (
					"$(inherited)",
					"$(FRAMEWORK_SEARCH_PATHS_QUOTED_1)",
					"$(FRAMEWORK_SEARCH_PATHS_QUOTED_2)",
				);
				FRAMEWORK_SEARCH_PATHS_QUOTED_1 = "\"$(SRCROOT)\"";
				FRAMEWORK_SEARCH_PATHS_QUOTED_2 = "\"$(SRCROOT)/Source\"";
				GCC_AUTO_VECTORIZATION = NO;
				GCC_C_LANGUAGE_STANDARD = c99;
				GCC_DYNAMIC_NO_PIC = YES;
				GCC_ENABLE_FIX_AND_CONTINUE = NO;
				GCC_ENABLE_OBJC_EXCEPTIONS = YES;
				GCC_ENABLE_SSE3_EXTENSIONS = YES;
				GCC_ENABLE_SYMBOL_SEPARATION = NO;
				GCC_FAST_OBJC_DISPATCH = YES;
				GCC_GENERATE_DEBUGGING_SYMBOLS = NO;
				GCC_MODEL_TUNING = G5;
				GCC_OPTIMIZATION_LEVEL = s;
				GCC_PRECOMPILE_PREFIX_HEADER = YES;
				GCC_PREFIX_HEADER = Source/Cord_Prefix.pch;
				GCC_WARN_ABOUT_MISSING_PROTOTYPES = YES;
				GCC_WARN_CHECK_SWITCH_STATEMENTS = YES;
				GCC_WARN_MISSING_PARENTHESES = YES;
				GCC_WARN_UNUSED_FUNCTION = YES;
				GCC_WARN_UNUSED_VALUE = YES;
				GCC_WARN_UNUSED_VARIABLE = NO;
				INFOPLIST_FILE = Resources/Info.plist;
				INSTALL_PATH = "$(HOME)/Applications";
				MACOSX_DEPLOYMENT_TARGET = 10.4;
				OTHER_LDFLAGS = "-lcrypto";
				PRODUCT_NAME = CoRD;
				WRAPPER_EXTENSION = app;
				ZERO_LINK = NO;
			};
			name = Release;
		};
		C01FCF4F08A954540054247B /* Debug */ = {
			isa = XCBuildConfiguration;
			buildSettings = {
				GCC_WARN_ABOUT_RETURN_TYPE = YES;
				GCC_WARN_UNUSED_VARIABLE = YES;
				PREBINDING = NO;
				SDKROOT = /Developer/SDKs/MacOSX10.4u.sdk;
			};
			name = Debug;
		};
		C01FCF5008A954540054247B /* Release */ = {
			isa = XCBuildConfiguration;
			buildSettings = {
				GCC_WARN_ABOUT_RETURN_TYPE = YES;
				GCC_WARN_UNUSED_VARIABLE = YES;
				PREBINDING = NO;
				SDKROOT = /Developer/SDKs/MacOSX10.4u.sdk;
			};
			name = Release;
		};
/* End XCBuildConfiguration section */

/* Begin XCConfigurationList section */
		C01FCF4A08A954540054247B /* Build configuration list for PBXNativeTarget "CoRD" */ = {
			isa = XCConfigurationList;
			buildConfigurations = (
				C01FCF4B08A954540054247B /* Debug */,
				C01FCF4C08A954540054247B /* Release */,
			);
			defaultConfigurationIsVisible = 0;
			defaultConfigurationName = Release;
		};
		C01FCF4E08A954540054247B /* Build configuration list for PBXProject "Cord" */ = {
			isa = XCConfigurationList;
			buildConfigurations = (
				C01FCF4F08A954540054247B /* Debug */,
				C01FCF5008A954540054247B /* Release */,
			);
			defaultConfigurationIsVisible = 0;
			defaultConfigurationName = Release;
		};
/* End XCConfigurationList section */
	};
	rootObject = 29B97313FDCFA39411CA2CEA /* Project object */;
}
